// !$*UTF8*$!
{
	archiveVersion = 1;
	classes = {
	};
	objectVersion = 56;
	objects = {

/* Begin PBXBuildFile section */
		D5360B7B2C67C10200CBE5DB /* ThirtySixQuestionsApp.swift in Sources */ = {isa = PBXBuildFile; fileRef = D5360B7A2C67C10200CBE5DB /* ThirtySixQuestionsApp.swift */; };
		D5360B7D2C67C10200CBE5DB /* ContentView.swift in Sources */ = {isa = PBXBuildFile; fileRef = D5360B7C2C67C10200CBE5DB /* ContentView.swift */; };
		D5360B7F2C67C10300CBE5DB /* Assets.xcassets in Resources */ = {isa = PBXBuildFile; fileRef = D5360B7E2C67C10300CBE5DB /* Assets.xcassets */; };
		D5360B822C67C10300CBE5DB /* Preview Assets.xcassets in Resources */ = {isa = PBXBuildFile; fileRef = D5360B812C67C10300CBE5DB /* Preview Assets.xcassets */; };
		D5360B892C67C18B00CBE5DB /* HomeView.swift in Sources */ = {isa = PBXBuildFile; fileRef = D5360B882C67C18B00CBE5DB /* HomeView.swift */; };
		D5360B8B2C67C25E00CBE5DB /* AboutView.swift in Sources */ = {isa = PBXBuildFile; fileRef = D5360B8A2C67C25E00CBE5DB /* AboutView.swift */; };
		D5360B8D2C67C3DA00CBE5DB /* QuizView.swift in Sources */ = {isa = PBXBuildFile; fileRef = D5360B8C2C67C3DA00CBE5DB /* QuizView.swift */; };
		D5360B942C67FFB400CBE5DB /* CloseButton.swift in Sources */ = {isa = PBXBuildFile; fileRef = D5360B932C67FFB400CBE5DB /* CloseButton.swift */; };
		D5360B962C68016100CBE5DB /* Font.swift in Sources */ = {isa = PBXBuildFile; fileRef = D5360B952C68016100CBE5DB /* Font.swift */; };
		D5360B982C6BDD9C00CBE5DB /* QuizInstructionsView.swift in Sources */ = {isa = PBXBuildFile; fileRef = D5360B972C6BDD9C00CBE5DB /* QuizInstructionsView.swift */; };
		D5360B9A2C6BE2AC00CBE5DB /* Size.swift in Sources */ = {isa = PBXBuildFile; fileRef = D5360B992C6BE2AC00CBE5DB /* Size.swift */; };
		D5360B9C2C6D453C00CBE5DB /* QuizCompleteView.swift in Sources */ = {isa = PBXBuildFile; fileRef = D5360B9B2C6D453C00CBE5DB /* QuizCompleteView.swift */; };
		D5360B9E2C70F69000CBE5DB /* HapticsManager.swift in Sources */ = {isa = PBXBuildFile; fileRef = D5360B9D2C70F69000CBE5DB /* HapticsManager.swift */; };
		D5360BA02C711DA700CBE5DB /* TextButton.swift in Sources */ = {isa = PBXBuildFile; fileRef = D5360B9F2C711DA700CBE5DB /* TextButton.swift */; };
		D5360BA22C71284E00CBE5DB /* Color.swift in Sources */ = {isa = PBXBuildFile; fileRef = D5360BA12C71284E00CBE5DB /* Color.swift */; };
/* End PBXBuildFile section */

/* Begin PBXFileReference section */
		D5360B772C67C10200CBE5DB /* ThirtySixQuestions.app */ = {isa = PBXFileReference; explicitFileType = wrapper.application; includeInIndex = 0; path = ThirtySixQuestions.app; sourceTree = BUILT_PRODUCTS_DIR; };
		D5360B7A2C67C10200CBE5DB /* ThirtySixQuestionsApp.swift */ = {isa = PBXFileReference; lastKnownFileType = sourcecode.swift; path = ThirtySixQuestionsApp.swift; sourceTree = "<group>"; };
		D5360B7C2C67C10200CBE5DB /* ContentView.swift */ = {isa = PBXFileReference; lastKnownFileType = sourcecode.swift; path = ContentView.swift; sourceTree = "<group>"; };
		D5360B7E2C67C10300CBE5DB /* Assets.xcassets */ = {isa = PBXFileReference; lastKnownFileType = folder.assetcatalog; path = Assets.xcassets; sourceTree = "<group>"; };
		D5360B812C67C10300CBE5DB /* Preview Assets.xcassets */ = {isa = PBXFileReference; lastKnownFileType = folder.assetcatalog; path = "Preview Assets.xcassets"; sourceTree = "<group>"; };
		D5360B882C67C18B00CBE5DB /* HomeView.swift */ = {isa = PBXFileReference; lastKnownFileType = sourcecode.swift; path = HomeView.swift; sourceTree = "<group>"; };
		D5360B8A2C67C25E00CBE5DB /* AboutView.swift */ = {isa = PBXFileReference; lastKnownFileType = sourcecode.swift; path = AboutView.swift; sourceTree = "<group>"; };
		D5360B8C2C67C3DA00CBE5DB /* QuizView.swift */ = {isa = PBXFileReference; lastKnownFileType = sourcecode.swift; path = QuizView.swift; sourceTree = "<group>"; };
		D5360B932C67FFB400CBE5DB /* CloseButton.swift */ = {isa = PBXFileReference; lastKnownFileType = sourcecode.swift; path = CloseButton.swift; sourceTree = "<group>"; };
		D5360B952C68016100CBE5DB /* Font.swift */ = {isa = PBXFileReference; lastKnownFileType = sourcecode.swift; path = Font.swift; sourceTree = "<group>"; };
		D5360B972C6BDD9C00CBE5DB /* QuizInstructionsView.swift */ = {isa = PBXFileReference; lastKnownFileType = sourcecode.swift; path = QuizInstructionsView.swift; sourceTree = "<group>"; };
		D5360B992C6BE2AC00CBE5DB /* Size.swift */ = {isa = PBXFileReference; lastKnownFileType = sourcecode.swift; path = Size.swift; sourceTree = "<group>"; };
		D5360B9B2C6D453C00CBE5DB /* QuizCompleteView.swift */ = {isa = PBXFileReference; lastKnownFileType = sourcecode.swift; path = QuizCompleteView.swift; sourceTree = "<group>"; };
		D5360B9D2C70F69000CBE5DB /* HapticsManager.swift */ = {isa = PBXFileReference; lastKnownFileType = sourcecode.swift; path = HapticsManager.swift; sourceTree = "<group>"; };
		D5360B9F2C711DA700CBE5DB /* TextButton.swift */ = {isa = PBXFileReference; lastKnownFileType = sourcecode.swift; path = TextButton.swift; sourceTree = "<group>"; };
		D5360BA12C71284E00CBE5DB /* Color.swift */ = {isa = PBXFileReference; lastKnownFileType = sourcecode.swift; path = Color.swift; sourceTree = "<group>"; };
/* End PBXFileReference section */

/* Begin PBXFrameworksBuildPhase section */
		D5360B742C67C10200CBE5DB /* Frameworks */ = {
			isa = PBXFrameworksBuildPhase;
			buildActionMask = 2147483647;
			files = (
			);
			runOnlyForDeploymentPostprocessing = 0;
		};
/* End PBXFrameworksBuildPhase section */

/* Begin PBXGroup section */
		D5360B6E2C67C10200CBE5DB = {
			isa = PBXGroup;
			children = (
				D5360B792C67C10200CBE5DB /* ThirtySixQuestions */,
				D5360B782C67C10200CBE5DB /* Products */,
			);
			sourceTree = "<group>";
		};
		D5360B782C67C10200CBE5DB /* Products */ = {
			isa = PBXGroup;
			children = (
				D5360B772C67C10200CBE5DB /* ThirtySixQuestions.app */,
			);
			name = Products;
			sourceTree = "<group>";
		};
		D5360B792C67C10200CBE5DB /* ThirtySixQuestions */ = {
			isa = PBXGroup;
			children = (
				D5360B7A2C67C10200CBE5DB /* ThirtySixQuestionsApp.swift */,
				D5360B7C2C67C10200CBE5DB /* ContentView.swift */,
				D5360B882C67C18B00CBE5DB /* HomeView.swift */,
				D5360B972C6BDD9C00CBE5DB /* QuizInstructionsView.swift */,
				D5360B8C2C67C3DA00CBE5DB /* QuizView.swift */,
				D5360B9B2C6D453C00CBE5DB /* QuizCompleteView.swift */,
				D5360B8A2C67C25E00CBE5DB /* AboutView.swift */,
				D5360B902C67FD9600CBE5DB /* Views */,
				D5360B7E2C67C10300CBE5DB /* Assets.xcassets */,
				D5360B802C67C10300CBE5DB /* Preview Content */,
			);
			path = ThirtySixQuestions;
			sourceTree = "<group>";
		};
		D5360B802C67C10300CBE5DB /* Preview Content */ = {
			isa = PBXGroup;
			children = (
				D5360B812C67C10300CBE5DB /* Preview Assets.xcassets */,
			);
			path = "Preview Content";
			sourceTree = "<group>";
		};
		D5360B902C67FD9600CBE5DB /* Views */ = {
			isa = PBXGroup;
			children = (
				D5360B932C67FFB400CBE5DB /* CloseButton.swift */,
				D5360B9F2C711DA700CBE5DB /* TextButton.swift */,
				D5360B952C68016100CBE5DB /* Font.swift */,
				D5360BA12C71284E00CBE5DB /* Color.swift */,
				D5360B992C6BE2AC00CBE5DB /* Size.swift */,
				D5360B9D2C70F69000CBE5DB /* HapticsManager.swift */,
			);
			path = Views;
			sourceTree = "<group>";
		};
/* End PBXGroup section */

/* Begin PBXNativeTarget section */
		D5360B762C67C10200CBE5DB /* ThirtySixQuestions */ = {
			isa = PBXNativeTarget;
			buildConfigurationList = D5360B852C67C10300CBE5DB /* Build configuration list for PBXNativeTarget "ThirtySixQuestions" */;
			buildPhases = (
				D5360B732C67C10200CBE5DB /* Sources */,
				D5360B742C67C10200CBE5DB /* Frameworks */,
				D5360B752C67C10200CBE5DB /* Resources */,
			);
			buildRules = (
			);
			dependencies = (
			);
			name = ThirtySixQuestions;
			productName = ThirtySixQuestions;
			productReference = D5360B772C67C10200CBE5DB /* ThirtySixQuestions.app */;
			productType = "com.apple.product-type.application";
		};
/* End PBXNativeTarget section */

/* Begin PBXProject section */
		D5360B6F2C67C10200CBE5DB /* Project object */ = {
			isa = PBXProject;
			attributes = {
				BuildIndependentTargetsInParallel = 1;
				LastSwiftUpdateCheck = 1540;
				LastUpgradeCheck = 1540;
				TargetAttributes = {
					D5360B762C67C10200CBE5DB = {
						CreatedOnToolsVersion = 15.4;
					};
				};
			};
			buildConfigurationList = D5360B722C67C10200CBE5DB /* Build configuration list for PBXProject "ThirtySixQuestions" */;
			compatibilityVersion = "Xcode 14.0";
			developmentRegion = en;
			hasScannedForEncodings = 0;
			knownRegions = (
				en,
				Base,
			);
			mainGroup = D5360B6E2C67C10200CBE5DB;
			productRefGroup = D5360B782C67C10200CBE5DB /* Products */;
			projectDirPath = "";
			projectRoot = "";
			targets = (
				D5360B762C67C10200CBE5DB /* ThirtySixQuestions */,
			);
		};
/* End PBXProject section */

/* Begin PBXResourcesBuildPhase section */
		D5360B752C67C10200CBE5DB /* Resources */ = {
			isa = PBXResourcesBuildPhase;
			buildActionMask = 2147483647;
			files = (
				D5360B822C67C10300CBE5DB /* Preview Assets.xcassets in Resources */,
				D5360B7F2C67C10300CBE5DB /* Assets.xcassets in Resources */,
			);
			runOnlyForDeploymentPostprocessing = 0;
		};
/* End PBXResourcesBuildPhase section */

/* Begin PBXSourcesBuildPhase section */
		D5360B732C67C10200CBE5DB /* Sources */ = {
			isa = PBXSourcesBuildPhase;
			buildActionMask = 2147483647;
			files = (
				D5360BA02C711DA700CBE5DB /* TextButton.swift in Sources */,
				D5360B982C6BDD9C00CBE5DB /* QuizInstructionsView.swift in Sources */,
				D5360B8B2C67C25E00CBE5DB /* AboutView.swift in Sources */,
				D5360B892C67C18B00CBE5DB /* HomeView.swift in Sources */,
				D5360BA22C71284E00CBE5DB /* Color.swift in Sources */,
				D5360B8D2C67C3DA00CBE5DB /* QuizView.swift in Sources */,
				D5360B9E2C70F69000CBE5DB /* HapticsManager.swift in Sources */,
				D5360B9C2C6D453C00CBE5DB /* QuizCompleteView.swift in Sources */,
				D5360B962C68016100CBE5DB /* Font.swift in Sources */,
				D5360B9A2C6BE2AC00CBE5DB /* Size.swift in Sources */,
				D5360B942C67FFB400CBE5DB /* CloseButton.swift in Sources */,
				D5360B7D2C67C10200CBE5DB /* ContentView.swift in Sources */,
				D5360B7B2C67C10200CBE5DB /* ThirtySixQuestionsApp.swift in Sources */,
			);
			runOnlyForDeploymentPostprocessing = 0;
		};
/* End PBXSourcesBuildPhase section */

/* Begin XCBuildConfiguration section */
		D5360B832C67C10300CBE5DB /* Debug */ = {
			isa = XCBuildConfiguration;
			buildSettings = {
				ALWAYS_SEARCH_USER_PATHS = NO;
				ASSETCATALOG_COMPILER_GENERATE_SWIFT_ASSET_SYMBOL_EXTENSIONS = YES;
				CLANG_ANALYZER_NONNULL = YES;
				CLANG_ANALYZER_NUMBER_OBJECT_CONVERSION = YES_AGGRESSIVE;
				CLANG_CXX_LANGUAGE_STANDARD = "gnu++20";
				CLANG_ENABLE_MODULES = YES;
				CLANG_ENABLE_OBJC_ARC = YES;
				CLANG_ENABLE_OBJC_WEAK = YES;
				CLANG_WARN_BLOCK_CAPTURE_AUTORELEASING = YES;
				CLANG_WARN_BOOL_CONVERSION = YES;
				CLANG_WARN_COMMA = YES;
				CLANG_WARN_CONSTANT_CONVERSION = YES;
				CLANG_WARN_DEPRECATED_OBJC_IMPLEMENTATIONS = YES;
				CLANG_WARN_DIRECT_OBJC_ISA_USAGE = YES_ERROR;
				CLANG_WARN_DOCUMENTATION_COMMENTS = YES;
				CLANG_WARN_EMPTY_BODY = YES;
				CLANG_WARN_ENUM_CONVERSION = YES;
				CLANG_WARN_INFINITE_RECURSION = YES;
				CLANG_WARN_INT_CONVERSION = YES;
				CLANG_WARN_NON_LITERAL_NULL_CONVERSION = YES;
				CLANG_WARN_OBJC_IMPLICIT_RETAIN_SELF = YES;
				CLANG_WARN_OBJC_LITERAL_CONVERSION = YES;
				CLANG_WARN_OBJC_ROOT_CLASS = YES_ERROR;
				CLANG_WARN_QUOTED_INCLUDE_IN_FRAMEWORK_HEADER = YES;
				CLANG_WARN_RANGE_LOOP_ANALYSIS = YES;
				CLANG_WARN_STRICT_PROTOTYPES = YES;
				CLANG_WARN_SUSPICIOUS_MOVE = YES;
				CLANG_WARN_UNGUARDED_AVAILABILITY = YES_AGGRESSIVE;
				CLANG_WARN_UNREACHABLE_CODE = YES;
				CLANG_WARN__DUPLICATE_METHOD_MATCH = YES;
				COPY_PHASE_STRIP = NO;
				DEBUG_INFORMATION_FORMAT = dwarf;
				ENABLE_STRICT_OBJC_MSGSEND = YES;
				ENABLE_TESTABILITY = YES;
				ENABLE_USER_SCRIPT_SANDBOXING = YES;
				GCC_C_LANGUAGE_STANDARD = gnu17;
				GCC_DYNAMIC_NO_PIC = NO;
				GCC_NO_COMMON_BLOCKS = YES;
				GCC_OPTIMIZATION_LEVEL = 0;
				GCC_PREPROCESSOR_DEFINITIONS = (
					"DEBUG=1",
					"$(inherited)",
				);
				GCC_WARN_64_TO_32_BIT_CONVERSION = YES;
				GCC_WARN_ABOUT_RETURN_TYPE = YES_ERROR;
				GCC_WARN_UNDECLARED_SELECTOR = YES;
				GCC_WARN_UNINITIALIZED_AUTOS = YES_AGGRESSIVE;
				GCC_WARN_UNUSED_FUNCTION = YES;
				GCC_WARN_UNUSED_VARIABLE = YES;
				IPHONEOS_DEPLOYMENT_TARGET = 17.5;
				LOCALIZATION_PREFERS_STRING_CATALOGS = YES;
				MTL_ENABLE_DEBUG_INFO = INCLUDE_SOURCE;
				MTL_FAST_MATH = YES;
				ONLY_ACTIVE_ARCH = YES;
				SDKROOT = iphoneos;
				SWIFT_ACTIVE_COMPILATION_CONDITIONS = "DEBUG $(inherited)";
				SWIFT_OPTIMIZATION_LEVEL = "-Onone";
			};
			name = Debug;
		};
		D5360B842C67C10300CBE5DB /* Release */ = {
			isa = XCBuildConfiguration;
			buildSettings = {
				ALWAYS_SEARCH_USER_PATHS = NO;
				ASSETCATALOG_COMPILER_GENERATE_SWIFT_ASSET_SYMBOL_EXTENSIONS = YES;
				CLANG_ANALYZER_NONNULL = YES;
				CLANG_ANALYZER_NUMBER_OBJECT_CONVERSION = YES_AGGRESSIVE;
				CLANG_CXX_LANGUAGE_STANDARD = "gnu++20";
				CLANG_ENABLE_MODULES = YES;
				CLANG_ENABLE_OBJC_ARC = YES;
				CLANG_ENABLE_OBJC_WEAK = YES;
				CLANG_WARN_BLOCK_CAPTURE_AUTORELEASING = YES;
				CLANG_WARN_BOOL_CONVERSION = YES;
				CLANG_WARN_COMMA = YES;
				CLANG_WARN_CONSTANT_CONVERSION = YES;
				CLANG_WARN_DEPRECATED_OBJC_IMPLEMENTATIONS = YES;
				CLANG_WARN_DIRECT_OBJC_ISA_USAGE = YES_ERROR;
				CLANG_WARN_DOCUMENTATION_COMMENTS = YES;
				CLANG_WARN_EMPTY_BODY = YES;
				CLANG_WARN_ENUM_CONVERSION = YES;
				CLANG_WARN_INFINITE_RECURSION = YES;
				CLANG_WARN_INT_CONVERSION = YES;
				CLANG_WARN_NON_LITERAL_NULL_CONVERSION = YES;
				CLANG_WARN_OBJC_IMPLICIT_RETAIN_SELF = YES;
				CLANG_WARN_OBJC_LITERAL_CONVERSION = YES;
				CLANG_WARN_OBJC_ROOT_CLASS = YES_ERROR;
				CLANG_WARN_QUOTED_INCLUDE_IN_FRAMEWORK_HEADER = YES;
				CLANG_WARN_RANGE_LOOP_ANALYSIS = YES;
				CLANG_WARN_STRICT_PROTOTYPES = YES;
				CLANG_WARN_SUSPICIOUS_MOVE = YES;
				CLANG_WARN_UNGUARDED_AVAILABILITY = YES_AGGRESSIVE;
				CLANG_WARN_UNREACHABLE_CODE = YES;
				CLANG_WARN__DUPLICATE_METHOD_MATCH = YES;
				COPY_PHASE_STRIP = NO;
				DEBUG_INFORMATION_FORMAT = "dwarf-with-dsym";
				ENABLE_NS_ASSERTIONS = NO;
				ENABLE_STRICT_OBJC_MSGSEND = YES;
				ENABLE_USER_SCRIPT_SANDBOXING = YES;
				GCC_C_LANGUAGE_STANDARD = gnu17;
				GCC_NO_COMMON_BLOCKS = YES;
				GCC_WARN_64_TO_32_BIT_CONVERSION = YES;
				GCC_WARN_ABOUT_RETURN_TYPE = YES_ERROR;
				GCC_WARN_UNDECLARED_SELECTOR = YES;
				GCC_WARN_UNINITIALIZED_AUTOS = YES_AGGRESSIVE;
				GCC_WARN_UNUSED_FUNCTION = YES;
				GCC_WARN_UNUSED_VARIABLE = YES;
				IPHONEOS_DEPLOYMENT_TARGET = 17.5;
				LOCALIZATION_PREFERS_STRING_CATALOGS = YES;
				MTL_ENABLE_DEBUG_INFO = NO;
				MTL_FAST_MATH = YES;
				SDKROOT = iphoneos;
				SWIFT_COMPILATION_MODE = wholemodule;
				VALIDATE_PRODUCT = YES;
			};
			name = Release;
		};
		D5360B862C67C10300CBE5DB /* Debug */ = {
			isa = XCBuildConfiguration;
			buildSettings = {
				ASSETCATALOG_COMPILER_APPICON_NAME = AppIcon;
				ASSETCATALOG_COMPILER_GLOBAL_ACCENT_COLOR_NAME = AccentColor;
				CODE_SIGN_STYLE = Automatic;
				CURRENT_PROJECT_VERSION = 1;
				DEVELOPMENT_ASSET_PATHS = "\"ThirtySixQuestions/Preview Content\"";
				DEVELOPMENT_TEAM = 87Z74M8369;
				ENABLE_PREVIEWS = YES;
				GENERATE_INFOPLIST_FILE = YES;
				INFOPLIST_KEY_CFBundleDisplayName = Questions;
				INFOPLIST_KEY_UIApplicationSceneManifest_Generation = YES;
				INFOPLIST_KEY_UIApplicationSupportsIndirectInputEvents = YES;
				INFOPLIST_KEY_UILaunchScreen_Generation = YES;
				INFOPLIST_KEY_UISupportedInterfaceOrientations = UIInterfaceOrientationPortrait;
				INFOPLIST_KEY_UISupportedInterfaceOrientations_iPad = "UIInterfaceOrientationLandscapeLeft UIInterfaceOrientationLandscapeRight UIInterfaceOrientationPortrait UIInterfaceOrientationPortraitUpsideDown";
				IPHONEOS_DEPLOYMENT_TARGET = 17.0;
				LD_RUNPATH_SEARCH_PATHS = (
					"$(inherited)",
					"@executable_path/Frameworks",
				);
				MARKETING_VERSION = 1.1;
				PRODUCT_BUNDLE_IDENTIFIER = com.magnetic.questions;
				PRODUCT_NAME = "$(TARGET_NAME)";
				SUPPORTED_PLATFORMS = "iphoneos iphonesimulator";
				SUPPORTS_MACCATALYST = NO;
				SUPPORTS_MAC_DESIGNED_FOR_IPHONE_IPAD = NO;
				SUPPORTS_XR_DESIGNED_FOR_IPHONE_IPAD = NO;
				SWIFT_EMIT_LOC_STRINGS = YES;
				SWIFT_VERSION = 5.0;
				TARGETED_DEVICE_FAMILY = 1;
			};
			name = Debug;
		};
		D5360B872C67C10300CBE5DB /* Release */ = {
			isa = XCBuildConfiguration;
			buildSettings = {
				ASSETCATALOG_COMPILER_APPICON_NAME = AppIcon;
				ASSETCATALOG_COMPILER_GLOBAL_ACCENT_COLOR_NAME = AccentColor;
				CODE_SIGN_STYLE = Automatic;
				CURRENT_PROJECT_VERSION = 1;
				DEVELOPMENT_ASSET_PATHS = "\"ThirtySixQuestions/Preview Content\"";
				DEVELOPMENT_TEAM = 87Z74M8369;
				ENABLE_PREVIEWS = YES;
				GENERATE_INFOPLIST_FILE = YES;
				INFOPLIST_KEY_CFBundleDisplayName = Questions;
				INFOPLIST_KEY_UIApplicationSceneManifest_Generation = YES;
				INFOPLIST_KEY_UIApplicationSupportsIndirectInputEvents = YES;
				INFOPLIST_KEY_UILaunchScreen_Generation = YES;
				INFOPLIST_KEY_UISupportedInterfaceOrientations = UIInterfaceOrientationPortrait;
				INFOPLIST_KEY_UISupportedInterfaceOrientations_iPad = "UIInterfaceOrientationLandscapeLeft UIInterfaceOrientationLandscapeRight UIInterfaceOrientationPortrait UIInterfaceOrientationPortraitUpsideDown";
				IPHONEOS_DEPLOYMENT_TARGET = 17.0;
				LD_RUNPATH_SEARCH_PATHS = (
					"$(inherited)",
					"@executable_path/Frameworks",
				);
				MARKETING_VERSION = 1.1;
				PRODUCT_BUNDLE_IDENTIFIER = com.magnetic.questions;
				PRODUCT_NAME = "$(TARGET_NAME)";
				SUPPORTED_PLATFORMS = "iphoneos iphonesimulator";
				SUPPORTS_MACCATALYST = NO;
				SUPPORTS_MAC_DESIGNED_FOR_IPHONE_IPAD = NO;
				SUPPORTS_XR_DESIGNED_FOR_IPHONE_IPAD = NO;
				SWIFT_EMIT_LOC_STRINGS = YES;
				SWIFT_VERSION = 5.0;
				TARGETED_DEVICE_FAMILY = 1;
			};
			name = Release;
		};
/* End XCBuildConfiguration section */

/* Begin XCConfigurationList section */
		D5360B722C67C10200CBE5DB /* Build configuration list for PBXProject "ThirtySixQuestions" */ = {
			isa = XCConfigurationList;
			buildConfigurations = (
				D5360B832C67C10300CBE5DB /* Debug */,
				D5360B842C67C10300CBE5DB /* Release */,
			);
			defaultConfigurationIsVisible = 0;
			defaultConfigurationName = Release;
		};
		D5360B852C67C10300CBE5DB /* Build configuration list for PBXNativeTarget "ThirtySixQuestions" */ = {
			isa = XCConfigurationList;
			buildConfigurations = (
				D5360B862C67C10300CBE5DB /* Debug */,
				D5360B872C67C10300CBE5DB /* Release */,
			);
			defaultConfigurationIsVisible = 0;
			defaultConfigurationName = Release;
		};
/* End XCConfigurationList section */
	};
	rootObject = D5360B6F2C67C10200CBE5DB /* Project object */;
}
